<?xml version="1.0" encoding="UTF-8" standalone="yes" ?>
<CodeBlocks_project_file>
	<FileVersion major="1" minor="6" />
	<Project>
		<Option title="T100Lib" />
		<Option pch_mode="2" />
		<Option compiler="gcc" />
		<Build>
			<Target title="Debug">
				<Option output="bin/Debug/T100Lib" prefix_auto="1" extension_auto="1" />
				<Option object_output="obj/Debug/" />
				<Option type="1" />
				<Option compiler="gcc" />
				<Compiler>
					<Add option="-std=c++17" />
					<Add option="-g" />
					<Add directory="include" />
					<Add directory="include/service" />
					<Add directory="include/library" />
				</Compiler>
				<Linker>
					<Add library="dl" />
				</Linker>
			</Target>
			<Target title="Release">
				<Option output="../build/lib/T100Lib" prefix_auto="1" extension_auto="1" />
				<Option working_dir="" />
				<Option object_output="obj/Release/" />
				<Option type="2" />
				<Option compiler="gcc" />
				<Compiler>
					<Add option="-O2" />
					<Add option="-std=c++17" />
					<Add directory="include" />
					<Add directory="include/service" />
					<Add directory="include/library" />
				</Compiler>
				<Linker>
					<Add option="-s" />
					<Add library="dl" />
				</Linker>
			</Target>
		</Build>
		<Compiler>
			<Add option="-Wall" />
			<Add option="-fexceptions" />
		</Compiler>
		<Unit filename="include/T100App.h" />
		<Unit filename="include/T100Buffer.h" />
		<Unit filename="include/T100Callback.h" />
		<Unit filename="include/T100CallbackCommon.h" />
		<Unit filename="include/T100Clock.h" />
		<Unit filename="include/T100CmdLineParser.h" />
		<Unit filename="include/T100Common.h" />
		<Unit filename="include/T100Console.h" />
		<Unit filename="include/T100ConsoleBase.h" />
		<Unit filename="include/T100ConsoleCommon.h" />
		<Unit filename="include/T100ConsoleLog.h" />
		<Unit filename="include/T100ConsoleWin.h" />
		<Unit filename="include/T100DataStructure.h" />
		<Unit filename="include/T100DataTypes.h" />
		<Unit filename="include/T100DirectoryEntry.h" />
		<Unit filename="include/T100Error.h" />
		<Unit filename="include/T100File.h" />
		<Unit filename="include/T100FileCommon.h" />
		<Unit filename="include/T100FileTools.h" />
		<Unit filename="include/T100Folder.h" />
		<Unit filename="include/T100GraphicCommon.h" />
		<Unit filename="include/T100Help.h" />
		<Unit filename="include/T100Hint.h" />
		<Unit filename="include/T100Leak.h" />
		<Unit filename="include/T100Library.h" />
		<Unit filename="include/T100Log.h" />
		<Unit filename="include/T100LogAppenderBase.h" />
		<Unit filename="include/T100LogAppenderFile.h" />
		<Unit filename="include/T100LogCommon.h" />
		<Unit filename="include/T100PathTools.h" />
		<Unit filename="include/T100Pool.h" />
		<Unit filename="include/T100Random.h" />
		<Unit filename="include/T100Semaphore.h" />
		<Unit filename="include/T100Setup.h" />
		<Unit filename="include/T100ShareMemory.h" />
		<Unit filename="include/T100ShellTools.h" />
		<Unit filename="include/T100String.h" />
		<Unit filename="include/T100String32.h" />
		<Unit filename="include/T100StringCommon.h" />
		<Unit filename="include/T100StringEqual.h" />
		<Unit filename="include/T100StringHash.h" />
		<Unit filename="include/T100StringTools.h" />
		<Unit filename="include/T100Test.h" />
		<Unit filename="include/T100Thread.h" />
		<Unit filename="include/T100Unicode.h" />
		<Unit filename="include/T100UnicodeCommon.h" />
		<Unit filename="include/T100ValuingCommon.h" />
		<Unit filename="include/T100Vessel.h" />
		<Unit filename="main.cpp">
			<Option target="Debug" />
		</Unit>
		<Unit filename="src/T100App.cpp" />
		<Unit filename="src/T100Callback.cpp" />
		<Unit filename="src/T100Clock.cpp" />
		<Unit filename="src/T100CmdLineParser.cpp" />
		<Unit filename="src/T100Console.cpp" />
		<Unit filename="src/T100ConsoleBase.cpp" />
		<Unit filename="src/T100ConsoleLog.cpp" />
		<Unit filename="src/T100ConsoleWin.cpp" />
		<Unit filename="src/T100DirectoryEntry.cpp" />
		<Unit filename="src/T100Error.cpp" />
		<Unit filename="src/T100File.cpp" />
		<Unit filename="src/T100FileTools.cpp" />
		<Unit filename="src/T100Folder.cpp" />
		<Unit filename="src/T100Help.cpp" />
		<Unit filename="src/T100Hint.cpp" />
		<Unit filename="src/T100Leak.cpp" />
		<Unit filename="src/T100Library.cpp" />
		<Unit filename="src/T100Log.cpp" />
		<Unit filename="src/T100LogAppenderBase.cpp" />
		<Unit filename="src/T100LogAppenderFile.cpp" />
		<Unit filename="src/T100PathTools.cpp" />
		<Unit filename="src/T100Pool.cpp" />
		<Unit filename="src/T100Random.cpp" />
		<Unit filename="src/T100Semaphore.cpp" />
		<Unit filename="src/T100Setup.cpp" />
		<Unit filename="src/T100ShareMemory.cpp" />
		<Unit filename="src/T100ShellTools.cpp" />
		<Unit filename="src/T100String.cpp" />
		<Unit filename="src/T100String32.cpp" />
		<Unit filename="src/T100StringEqual.cpp" />
		<Unit filename="src/T100StringHash.cpp" />
		<Unit filename="src/T100StringTools.cpp" />
		<Unit filename="src/T100Test.cpp" />
		<Unit filename="src/T100Thread.cpp" />
		<Unit filename="src/T100Unicode.cpp" />
		<Extensions>
			<lib_finder disable_auto="1" />
		</Extensions>
	</Project>
</CodeBlocks_project_file>
