<?xml version="1.0" encoding="UTF-8" standalone="yes" ?>
<CodeBlocks_project_file>
	<FileVersion major="1" minor="6" />
	<Project>
		<Option title="T100" />
		<Option pch_mode="2" />
		<Option compiler="gcc" />
		<Build>
			<Target title="Debug">
				<Option output="bin/Debug/T100" prefix_auto="1" extension_auto="1" />
				<Option object_output="obj/Debug/" />
				<Option type="0" />
				<Option compiler="gcc" />
				<Option parameters="-T" />
				<Option projectLinkerOptionsRelation="2" />
				<Compiler>
					<Add option="-std=c++17" />
					<Add option="-g" />
					<Add option="-D__WXDEBUG__" />
					<Add directory="$(#wx)/lib/gcc_dll/mswud" />
					<Add directory="include/lib/string" />
					<Add directory="include/common" />
					<Add directory="include/lib/test" />
					<Add directory="include/lib/log" />
					<Add directory="include/app" />
					<Add directory="." />
					<Add directory="include/test" />
					<Add directory="include/ide" />
					<Add directory="include/lib/console" />
					<Add directory="include/lib" />
					<Add directory="include/lib/log/appender" />
					<Add directory="include/data" />
					<Add directory="include/test/lib" />
					<Add directory="include/lib/setup" />
					<Add directory="include/lib/help" />
					<Add directory="include/lib/hint" />
					<Add directory="include/lib/error" />
					<Add directory="include/lib/callback" />
					<Add directory="include/assembly" />
					<Add directory="include/lib/state" />
					<Add directory="include/assembly/scanner" />
					<Add directory="include/assembly/produce/normal" />
					<Add directory="include/assembly/produce/tiny" />
					<Add directory="include/assembly/produce" />
					<Add directory="include/assembly/scanner/byte" />
					<Add directory="include/assembly/scanner/char" />
					<Add directory="include/assembly/scanner/keyword" />
					<Add directory="include/assembly/scanner/part" />
					<Add directory="include/assembly/scanner/segment" />
					<Add directory="include/assembly/scanner/sentence" />
					<Add directory="include/assembly/scanner/string" />
					<Add directory="include/assembly/syntax/calculate" />
					<Add directory="include/assembly/syntax/control" />
					<Add directory="include/assembly/syntax/program" />
					<Add directory="include/assembly/syntax/transfer" />
					<Add directory="include/assembly/syntax" />
					<Add directory="include/editor" />
					<Add directory="include/editor/serve" />
					<Add directory="include/editor/view" />
					<Add directory="include/file" />
					<Add directory="include/font" />
					<Add directory="include/qu32" />
					<Add directory="include/vdisk" />
					<Add directory="include/vpc" />
					<Add directory="include/ide/view" />
					<Add directory="include/ide/serve" />
					<Add directory="include/ide/store" />
					<Add directory="include/ide/callback" />
					<Add directory="include/ide/debug" />
					<Add directory="include/ide/platen" />
					<Add directory="include/ide/project" />
					<Add directory="include/lib/db" />
					<Add directory="include/link" />
					<Add directory="include/test/assembly" />
					<Add directory="include/test/assembly/scanner" />
					<Add directory="include/lib/db/sqlite3" />
					<Add directory="third/sqlite3" />
					<Add directory="include/ide/data" />
					<Add directory="include/ide/mdi" />
					<Add directory="include/ide/mdi/doc" />
					<Add directory="include/ide/mdi/view" />
					<Add directory="include/lib/widget" />
					<Add directory="include/ide/view/panel" />
					<Add directory="include/lib/thread" />
					<Add directory="include/ide/view/dialog" />
					<Add directory="include/test/ide" />
					<Add directory="include/lib/valuing" />
					<Add directory="include/math/matrix" />
					<Add directory="include/math/vector" />
				</Compiler>
				<ResourceCompiler>
					<Add directory="$(#wx)/lib/gcc_dll/mswud" />
				</ResourceCompiler>
				<Linker>
					<Add library="libwxmsw30ud.a" />
					<Add directory="$(#wx)/lib/gcc_dll" />
				</Linker>
			</Target>
			<Target title="Release">
				<Option output="bin/Release/T100" prefix_auto="1" extension_auto="1" />
				<Option object_output="obj/Release/" />
				<Option type="0" />
				<Option compiler="gcc" />
				<Option projectLinkerOptionsRelation="2" />
				<Compiler>
					<Add option="-O2" />
					<Add option="-std=c++17" />
					<Add directory="$(#wx)/lib/gcc_dll/mswu" />
					<Add directory="include/lib/string" />
					<Add directory="include/common" />
					<Add directory="include/lib/test" />
					<Add directory="include/lib/log" />
					<Add directory="include/app" />
					<Add directory="include/test" />
					<Add directory="include/ide" />
					<Add directory="include/lib/console" />
					<Add directory="include/lib" />
					<Add directory="include/lib/log/appender" />
					<Add directory="include/data" />
					<Add directory="include/test/lib" />
					<Add directory="include/lib/setup" />
					<Add directory="include/lib/help" />
					<Add directory="include/lib/hint" />
					<Add directory="include/lib/error" />
					<Add directory="include/lib/callback" />
					<Add directory="include/assembly" />
					<Add directory="include/lib/state" />
					<Add directory="include/assembly/scanner" />
					<Add directory="include/assembly/produce/normal" />
					<Add directory="include/assembly/produce/tiny" />
					<Add directory="include/assembly/produce" />
					<Add directory="include/assembly/scanner/byte" />
					<Add directory="include/assembly/scanner/char" />
					<Add directory="include/assembly/scanner/keyword" />
					<Add directory="include/assembly/scanner/part" />
					<Add directory="include/assembly/scanner/segment" />
					<Add directory="include/assembly/scanner/sentence" />
					<Add directory="include/assembly/scanner/string" />
					<Add directory="include/assembly/syntax/calculate" />
					<Add directory="include/assembly/syntax/control" />
					<Add directory="include/assembly/syntax/program" />
					<Add directory="include/assembly/syntax/transfer" />
					<Add directory="include/assembly/syntax" />
					<Add directory="include/editor" />
					<Add directory="include/editor/serve" />
					<Add directory="include/editor/view" />
					<Add directory="include/file" />
					<Add directory="include/font" />
					<Add directory="include/qu32" />
					<Add directory="include/vdisk" />
					<Add directory="include/vpc" />
					<Add directory="include/ide/view" />
					<Add directory="include/ide/serve" />
					<Add directory="include/ide/store" />
					<Add directory="include/ide/callback" />
					<Add directory="include/ide/debug" />
					<Add directory="include/ide/platen" />
					<Add directory="include/ide/project" />
					<Add directory="include/lib/db" />
					<Add directory="include/link" />
					<Add directory="include/test/assembly" />
					<Add directory="include/test/assembly/scanner" />
					<Add directory="include/lib/db/sqlite3" />
					<Add directory="include/ide/data" />
					<Add directory="include/ide/mdi" />
					<Add directory="include/ide/mdi/doc" />
					<Add directory="include/ide/mdi/view" />
					<Add directory="include/lib/widget" />
					<Add directory="include/ide/view/panel" />
					<Add directory="include/lib/thread" />
					<Add directory="include/ide/view/dialog" />
					<Add directory="include/test/ide" />
					<Add directory="." />
					<Add directory="third/sqlite3" />
				</Compiler>
				<ResourceCompiler>
					<Add directory="$(#wx)/lib/gcc_dll/mswu" />
				</ResourceCompiler>
				<Linker>
					<Add option="-s" />
					<Add library="libwxmsw30u.a" />
					<Add directory="$(#wx)/lib/gcc_dll" />
				</Linker>
			</Target>
		</Build>
		<Compiler>
			<Add option="-pipe" />
			<Add option="-mthreads" />
			<Add option="-D__GNUWIN32__" />
			<Add option="-D__WXMSW__" />
			<Add option="-DWXUSINGDLL" />
			<Add option="-DwxUSE_UNICODE" />
			<Add option="-Wall" />
			<Add directory="$(#wx)/include" />
		</Compiler>
		<ResourceCompiler>
			<Add directory="$(#wx)/include" />
		</ResourceCompiler>
		<Linker>
			<Add option="-mthreads" />
		</Linker>
		<Unit filename="T100App.cpp" />
		<Unit filename="T100App.h" />
		<Unit filename="T100Main.cpp" />
		<Unit filename="T100Main.h" />
		<Unit filename="include/app/T100AppBase.h" />
		<Unit filename="include/app/T100AppCmdLine.h" />
		<Unit filename="include/app/T100AppCommon.h" />
		<Unit filename="include/app/T100AppHint.h" />
		<Unit filename="include/app/T100AppInfo.h" />
		<Unit filename="include/app/T100AppManager.h" />
		<Unit filename="include/app/T100AppSetup.h" />
		<Unit filename="include/app/T100AppTools.h" />
		<Unit filename="include/common/T100CallbackCommon.h" />
		<Unit filename="include/common/T100Common.h" />
		<Unit filename="include/common/T100ConsoleCommon.h" />
		<Unit filename="include/common/T100DBCommon.h" />
		<Unit filename="include/common/T100DataStructure.h" />
		<Unit filename="include/common/T100DataTypes.h" />
		<Unit filename="include/common/T100EventCommon.h" />
		<Unit filename="include/common/T100FileCommon.h" />
		<Unit filename="include/common/T100GraphicCommon.h" />
		<Unit filename="include/common/T100LogCommon.h" />
		<Unit filename="include/common/T100StateCommon.h" />
		<Unit filename="include/common/T100StringCommon.h" />
		<Unit filename="include/common/T100StringTypes.h" />
		<Unit filename="include/common/T100TokenTypes.h" />
		<Unit filename="include/data/T100EventData.h" />
		<Unit filename="include/data/T100FileInfo.h" />
		<Unit filename="include/data/T100FolderInfo.h" />
		<Unit filename="include/editor/T100Editor.h" />
		<Unit filename="include/editor/serve/T100EditorServe.h" />
		<Unit filename="include/editor/view/T100EditorFrame.h" />
		<Unit filename="include/editor/view/T100EditorView.h" />
		<Unit filename="include/file/T100FontFile.h" />
		<Unit filename="include/font/T100FontApp.h" />
		<Unit filename="include/lib/T100Buffer.h" />
		<Unit filename="include/lib/T100Clock.h" />
		<Unit filename="include/lib/T100DirItem.h" />
		<Unit filename="include/lib/T100File.h" />
		<Unit filename="include/lib/T100Folder.h" />
		<Unit filename="include/lib/T100FolderTools.h" />
		<Unit filename="include/lib/T100Pool.h" />
		<Unit filename="include/lib/T100Random.h" />
		<Unit filename="include/lib/T100Reader.h" />
		<Unit filename="include/lib/T100Semaphore.h" />
		<Unit filename="include/lib/T100ShareMemory.h" />
		<Unit filename="include/lib/T100ShellTools.h" />
		<Unit filename="include/lib/T100Unicode.h" />
		<Unit filename="include/lib/T100Vessel.h" />
		<Unit filename="include/lib/T100Writer.h" />
		<Unit filename="include/lib/callback/T100Callback.h" />
		<Unit filename="include/lib/console/T100Console.h" />
		<Unit filename="include/lib/console/T100ConsoleBase.h" />
		<Unit filename="include/lib/console/T100LogConsole.h" />
		<Unit filename="include/lib/console/T100WinConsole.h" />
		<Unit filename="include/lib/db/T100DBBase.h" />
		<Unit filename="include/lib/db/T100Database.h" />
		<Unit filename="include/lib/db/T100Field.h" />
		<Unit filename="include/lib/db/T100Record.h" />
		<Unit filename="include/lib/db/sqlite3/T100SQLite3.h" />
		<Unit filename="include/lib/error/T100Error.h" />
		<Unit filename="include/lib/help/T100Help.h" />
		<Unit filename="include/lib/hint/T100Hint.h" />
		<Unit filename="include/lib/log/T100Log.h" />
		<Unit filename="include/lib/log/T100LogAppender.h" />
		<Unit filename="include/lib/log/T100LogAppenderBase.h" />
		<Unit filename="include/lib/log/T100Logger.h" />
		<Unit filename="include/lib/log/appender/T100LogAppenderConsole.h" />
		<Unit filename="include/lib/log/appender/T100LogAppenderFrame.h" />
		<Unit filename="include/lib/setup/T100Setup.h" />
		<Unit filename="include/lib/state/T100State.h" />
		<Unit filename="include/lib/state/T100StateMachine.h" />
		<Unit filename="include/lib/state/T100StateReader.h" />
		<Unit filename="include/lib/state/T100StateTable.h" />
		<Unit filename="include/lib/state/T100Token.h" />
		<Unit filename="include/lib/string/T100String.h" />
		<Unit filename="include/lib/string/T100String32.h" />
		<Unit filename="include/lib/string/T100String32New.h" />
		<Unit filename="include/lib/string/T100StringEqual.h" />
		<Unit filename="include/lib/string/T100StringHash.h" />
		<Unit filename="include/lib/string/T100StringNew.h" />
		<Unit filename="include/lib/string/T100StringTools.h" />
		<Unit filename="include/lib/test/T100Test.h" />
		<Unit filename="include/lib/thread/T100Thread.h" />
		<Unit filename="include/lib/valuing/T100Leak.h" />
		<Unit filename="include/lib/widget/T100EditCtrl.h" />
		<Unit filename="include/link/ILog.h" />
		<Unit filename="include/link/IState.h" />
		<Unit filename="include/link/IString.h" />
		<Unit filename="include/link/IToken.h" />
		<Unit filename="include/math/matrix/QMatrix.h" />
		<Unit filename="include/math/vector/QVector.h" />
		<Unit filename="include/test/T100AppTest.h" />
		<Unit filename="include/test/lib/T100LibTest.h" />
		<Unit filename="include/test/lib/T100LibTestHint.h" />
		<Unit filename="include/test/lib/T100String32NewTest.h" />
		<Unit filename="include/test/lib/T100StringTest.h" />
		<Unit filename="resource.rc">
			<Option compilerVar="WINDRES" />
		</Unit>
		<Unit filename="src/app/T100AppBase.cpp" />
		<Unit filename="src/app/T100AppCmdLine.cpp" />
		<Unit filename="src/app/T100AppHint.cpp" />
		<Unit filename="src/app/T100AppInfo.cpp" />
		<Unit filename="src/app/T100AppManager.cpp" />
		<Unit filename="src/app/T100AppSetup.cpp" />
		<Unit filename="src/app/T100AppTools.cpp" />
		<Unit filename="src/data/T100EventData.cpp" />
		<Unit filename="src/data/T100FileInfo.cpp" />
		<Unit filename="src/data/T100FolderInfo.cpp" />
		<Unit filename="src/editor/T100Editor.cpp" />
		<Unit filename="src/editor/serve/T100EditorServe.cpp" />
		<Unit filename="src/editor/view/T100EditorFrame.cpp" />
		<Unit filename="src/editor/view/T100EditorView.cpp" />
		<Unit filename="src/file/T100FontFile.cpp" />
		<Unit filename="src/font/T100FontApp.cpp" />
		<Unit filename="src/lib/T100Clock.cpp" />
		<Unit filename="src/lib/T100DirItem.cpp" />
		<Unit filename="src/lib/T100File.cpp" />
		<Unit filename="src/lib/T100Folder.cpp" />
		<Unit filename="src/lib/T100FolderTools.cpp" />
		<Unit filename="src/lib/T100Pool.cpp" />
		<Unit filename="src/lib/T100Random.cpp" />
		<Unit filename="src/lib/T100Reader.cpp" />
		<Unit filename="src/lib/T100Semaphore.cpp" />
		<Unit filename="src/lib/T100ShareMemory.cpp" />
		<Unit filename="src/lib/T100ShellTools.cpp" />
		<Unit filename="src/lib/T100StateReader.cpp" />
		<Unit filename="src/lib/T100Unicode.cpp" />
		<Unit filename="src/lib/T100Writer.cpp" />
		<Unit filename="src/lib/callback/T100Callback.cpp" />
		<Unit filename="src/lib/console/T100Console.cpp" />
		<Unit filename="src/lib/console/T100ConsoleBase.cpp" />
		<Unit filename="src/lib/console/T100LogConsole.cpp" />
		<Unit filename="src/lib/console/T100WinConsole.cpp" />
		<Unit filename="src/lib/db/T100DBBase.cpp" />
		<Unit filename="src/lib/db/T100Database.cpp" />
		<Unit filename="src/lib/db/T100Field.cpp" />
		<Unit filename="src/lib/db/T100Record.cpp" />
		<Unit filename="src/lib/db/sqlite3/T100SQLite3.cpp" />
		<Unit filename="src/lib/error/T100Error.cpp" />
		<Unit filename="src/lib/help/T100Help.cpp" />
		<Unit filename="src/lib/hint/T100Hint.cpp" />
		<Unit filename="src/lib/log/T100Log.cpp" />
		<Unit filename="src/lib/log/T100LogAppender.cpp" />
		<Unit filename="src/lib/log/T100LogAppenderBase.cpp" />
		<Unit filename="src/lib/log/appender/T100LogAppenderConsole.cpp" />
		<Unit filename="src/lib/log/appender/T100LogAppenderFrame.cpp" />
		<Unit filename="src/lib/setup/T100Setup.cpp" />
		<Unit filename="src/lib/state/T100State.cpp" />
		<Unit filename="src/lib/state/T100StateMachine.cpp" />
		<Unit filename="src/lib/state/T100StateTable.cpp" />
		<Unit filename="src/lib/state/T100Token.cpp" />
		<Unit filename="src/lib/string/T100String.cpp" />
		<Unit filename="src/lib/string/T100String32.cpp" />
		<Unit filename="src/lib/string/T100String32New.cpp" />
		<Unit filename="src/lib/string/T100StringEqual.cpp" />
		<Unit filename="src/lib/string/T100StringHash.cpp" />
		<Unit filename="src/lib/string/T100StringNew.cpp" />
		<Unit filename="src/lib/string/T100StringTools.cpp" />
		<Unit filename="src/lib/test/T100Test.cpp" />
		<Unit filename="src/lib/thread/T100Thread.cpp" />
		<Unit filename="src/lib/valuing/T100Leak.cpp" />
		<Unit filename="src/lib/widget/T100EditCtrl.cpp" />
		<Unit filename="src/link/IState.cpp" />
		<Unit filename="src/link/IString.cpp" />
		<Unit filename="src/link/IToken.cpp" />
		<Unit filename="src/math/matrix/QMatrix.cpp" />
		<Unit filename="src/math/vector/QVector.cpp" />
		<Unit filename="src/test/T100AppTest.cpp" />
		<Unit filename="src/test/lib/T100LibTest.cpp" />
		<Unit filename="src/test/lib/T100LibTestHint.cpp" />
		<Unit filename="src/test/lib/T100String32NewTest.cpp" />
		<Unit filename="src/test/lib/T100StringTest.cpp" />
		<Unit filename="third/sqlite3/sqlite3.c">
			<Option compilerVar="CC" />
		</Unit>
		<Unit filename="third/sqlite3/sqlite3.h" />
		<Unit filename="third/sqlite3/sqlite3ext.h" />
		<Unit filename="third/tinyxml/tinystr.cpp" />
		<Unit filename="third/tinyxml/tinystr.h" />
		<Unit filename="third/tinyxml/tinyxml.cpp" />
		<Unit filename="third/tinyxml/tinyxml.h" />
		<Unit filename="third/tinyxml/tinyxmlerror.cpp" />
		<Unit filename="third/tinyxml/tinyxmlparser.cpp" />
		<Unit filename="wxsmith/T100IDEProjectCreateDialog.wxs" />
		<Unit filename="wxsmith/T100frame.wxs" />
		<Extensions>
			<lib_finder disable_auto="1" />
			<wxsmith version="1">
				<gui name="wxWidgets" src="T100App.cpp" main="T100Frame" init_handlers="necessary" language="CPP" />
				<resources>
					<wxFrame wxs="wxsmith/T100frame.wxs" src="T100Main.cpp" hdr="T100Main.h" fwddecl="0" i18n="1" name="T100Frame" language="CPP" />
					<wxDialog wxs="wxsmith/T100IDEProjectCreateDialog.wxs" src="src\ide\view\dialog\T100IDEProjectCreateDialog.cpp" hdr="include\ide\view\dialog\T100IDEProjectCreateDialog.h" fwddecl="0" i18n="1" name="T100IDEProjectCreateDialog" language="CPP" />
				</resources>
			</wxsmith>
		</Extensions>
	</Project>
</CodeBlocks_project_file>
