<?xml version="1.0" encoding="UTF-8" standalone="yes" ?>
<CodeBlocks_project_file>
	<FileVersion major="1" minor="6" />
	<Project>
		<Option title="T100" />
		<Option pch_mode="2" />
		<Option compiler="gcc" />
		<Build>
			<Target title="Debug">
				<Option output="bin/Debug/T100" prefix_auto="1" extension_auto="1" />
				<Option object_output="obj/Debug/" />
				<Option type="1" />
				<Option compiler="gcc" />
				<Option parameters="-V" />
				<Option projectLinkerOptionsRelation="2" />
				<Compiler>
					<Add option="-g" />
					<Add option="-D__WXDEBUG__" />
					<Add directory="$(#wx)/lib/gcc_dll/mswud" />
					<Add directory="include/common" />
					<Add directory="include/valuing" />
					<Add directory="include/log" />
					<Add directory="include/error" />
					<Add directory="include/ide/serve" />
					<Add directory="include/ide/view" />
					<Add directory="include/ide" />
					<Add directory="include/help" />
					<Add directory="include/hint" />
					<Add directory="include/test" />
					<Add directory="include/link" />
					<Add directory="include" />
					<Add directory="include/vpc" />
					<Add directory="include/vpc/serve" />
					<Add directory="include/vpc/view" />
					<Add directory="include/assembly" />
					<Add directory="include/font/serve" />
					<Add directory="include/font/view" />
					<Add directory="include/font" />
					<Add directory="include/qu32" />
					<Add directory="include/vdisk/console" />
					<Add directory="include/vdisk/serve" />
					<Add directory="include/vdisk/view" />
					<Add directory="include/vdisk" />
					<Add directory="include/lib" />
					<Add directory="include/app" />
					<Add directory="include/system" />
					<Add directory="include/byte" />
					<Add directory="include/char" />
					<Add directory="include/scan" />
					<Add directory="include/string" />
					<Add directory="include/keyword" />
					<Add directory="include/sentence" />
					<Add directory="include/segment" />
					<Add directory="include/syntax" />
					<Add directory="include/data" />
					<Add directory="include/code" />
					<Add directory="include/file" />
					<Add directory="include/device" />
					<Add directory="include/order" />
					<Add directory="include/order/calculate" />
					<Add directory="include/order/control" />
					<Add directory="include/order/program" />
					<Add directory="include/order/transfer" />
					<Add directory="include/syntax/calculate" />
					<Add directory="include/syntax/control" />
					<Add directory="include/syntax/program" />
					<Add directory="include/syntax/transfer" />
					<Add directory="include/os" />
					<Add directory="../T100" />
					<Add directory="include/thread" />
					<Add directory="." />
				</Compiler>
				<ResourceCompiler>
					<Add directory="$(#wx)/lib/gcc_dll/mswud" />
				</ResourceCompiler>
				<Linker>
					<Add library="libwxmsw30ud.a" />
					<Add library="iconv" />
					<Add directory="$(#wx)/lib/gcc_dll" />
				</Linker>
			</Target>
			<Target title="Release">
				<Option output="bin/Release/T100" prefix_auto="1" extension_auto="1" />
				<Option object_output="obj/Release/" />
				<Option type="1" />
				<Option compiler="gcc" />
				<Option parameters="-A -i test.txt -o test.bin" />
				<Option projectLinkerOptionsRelation="2" />
				<Compiler>
					<Add option="-O2" />
					<Add directory="$(#wx)/lib/gcc_dll/mswu" />
					<Add directory="include/common" />
					<Add directory="include/valuing" />
					<Add directory="include/log" />
					<Add directory="include/error" />
					<Add directory="include/ide/serve" />
					<Add directory="include/ide/view" />
					<Add directory="include/ide" />
					<Add directory="include/help" />
					<Add directory="include/hint" />
					<Add directory="include/test" />
					<Add directory="include/link" />
					<Add directory="include" />
					<Add directory="include/vpc" />
					<Add directory="include/vpc/serve" />
					<Add directory="include/vpc/view" />
					<Add directory="include/assembly" />
					<Add directory="include/font/serve" />
					<Add directory="include/font/view" />
					<Add directory="include/font" />
					<Add directory="include/qu32" />
					<Add directory="include/vdisk/console" />
					<Add directory="include/vdisk/serve" />
					<Add directory="include/vdisk/view" />
					<Add directory="include/vdisk" />
					<Add directory="include/lib" />
					<Add directory="include/app" />
					<Add directory="include/system" />
					<Add directory="include/byte" />
					<Add directory="include/char" />
					<Add directory="include/scan" />
					<Add directory="include/string" />
					<Add directory="include/keyword" />
					<Add directory="include/sentence" />
					<Add directory="include/segment" />
					<Add directory="include/syntax" />
					<Add directory="include/data" />
					<Add directory="include/code" />
					<Add directory="include/file" />
					<Add directory="include/device" />
					<Add directory="include/order" />
					<Add directory="include/order/calculate" />
					<Add directory="include/order/control" />
					<Add directory="include/order/program" />
					<Add directory="include/order/transfer" />
					<Add directory="include/syntax/calculate" />
					<Add directory="include/syntax/control" />
					<Add directory="include/syntax/program" />
					<Add directory="include/syntax/transfer" />
					<Add directory="include/os" />
					<Add directory="../T100" />
					<Add directory="include/thread" />
				</Compiler>
				<ResourceCompiler>
					<Add directory="$(#wx)/lib/gcc_dll/mswu" />
				</ResourceCompiler>
				<Linker>
					<Add option="-s" />
					<Add library="libwxmsw30u.a" />
					<Add library="iconv" />
					<Add directory="$(#wx)/lib/gcc_dll" />
				</Linker>
			</Target>
			<Target title="Lib">
				<Option output="bin/Debug/T100" prefix_auto="1" extension_auto="1" />
				<Option working_dir="" />
				<Option object_output="obj/Debug/" />
				<Option type="2" />
				<Option compiler="gcc" />
				<Option parameters="-a -i os\boot\boot.txt -o build\boot.bin" />
				<Option projectLinkerOptionsRelation="2" />
				<Compiler>
					<Add option="-g" />
					<Add option="-D__WXDEBUG__" />
					<Add directory="$(#wx)/lib/gcc_dll/mswud" />
					<Add directory="include/common" />
					<Add directory="include/valuing" />
					<Add directory="include/log" />
					<Add directory="include/error" />
					<Add directory="include/ide/serve" />
					<Add directory="include/ide/view" />
					<Add directory="include/ide" />
					<Add directory="include/help" />
					<Add directory="include/hint" />
					<Add directory="include/test" />
					<Add directory="include/link" />
					<Add directory="include" />
					<Add directory="include/vpc" />
					<Add directory="include/vpc/serve" />
					<Add directory="include/vpc/view" />
					<Add directory="include/assembly" />
					<Add directory="include/font/serve" />
					<Add directory="include/font/view" />
					<Add directory="include/font" />
					<Add directory="include/qu32" />
					<Add directory="include/vdisk/console" />
					<Add directory="include/vdisk/serve" />
					<Add directory="include/vdisk/view" />
					<Add directory="include/vdisk" />
					<Add directory="include/lib" />
					<Add directory="include/app" />
					<Add directory="include/system" />
					<Add directory="include/byte" />
					<Add directory="include/char" />
					<Add directory="include/scan" />
					<Add directory="include/string" />
					<Add directory="include/keyword" />
					<Add directory="include/sentence" />
					<Add directory="include/segment" />
					<Add directory="include/syntax" />
					<Add directory="include/data" />
					<Add directory="include/code" />
					<Add directory="include/file" />
					<Add directory="include/device" />
					<Add directory="include/order" />
					<Add directory="include/order/calculate" />
					<Add directory="include/order/control" />
					<Add directory="include/order/program" />
					<Add directory="include/order/transfer" />
					<Add directory="include/syntax/calculate" />
					<Add directory="include/syntax/control" />
					<Add directory="include/syntax/program" />
					<Add directory="include/syntax/transfer" />
					<Add directory="include/os" />
					<Add directory="../T100" />
					<Add directory="include/thread" />
				</Compiler>
				<ResourceCompiler>
					<Add directory="$(#wx)/lib/gcc_dll/mswud" />
				</ResourceCompiler>
				<Linker>
					<Add library="libwxmsw30ud.a" />
					<Add library="iconv" />
					<Add directory="$(#wx)/lib/gcc_dll" />
				</Linker>
			</Target>
		</Build>
		<Compiler>
			<Add option="-pipe" />
			<Add option="-mthreads" />
			<Add option="-D__GNUWIN32__" />
			<Add option="-D__WXMSW__" />
			<Add option="-DWXUSINGDLL" />
			<Add option="-DwxUSE_UNICODE" />
			<Add option="-Wall" />
			<Add directory="$(#wx)/include" />
		</Compiler>
		<ResourceCompiler>
			<Add directory="$(#wx)/include" />
		</ResourceCompiler>
		<Linker>
			<Add option="-mthreads" />
		</Linker>
		<Unit filename="T100App.cpp">
			<Option target="Debug" />
			<Option target="Release" />
		</Unit>
		<Unit filename="T100App.h">
			<Option target="Debug" />
			<Option target="Release" />
		</Unit>
		<Unit filename="T100AppState.cpp" />
		<Unit filename="T100AppState.h" />
		<Unit filename="T100Main.cpp">
			<Option target="Debug" />
			<Option target="Release" />
		</Unit>
		<Unit filename="T100Main.h">
			<Option target="Debug" />
			<Option target="Release" />
		</Unit>
		<Unit filename="build/rom.bin">
			<Option target="Debug" />
			<Option target="Release" />
		</Unit>
		<Unit filename="include/T100AppCommon.h" />
		<Unit filename="include/T100AsmCommon.h" />
		<Unit filename="include/T100ConsoleCommon.h" />
		<Unit filename="include/T100FontCommon.h" />
		<Unit filename="include/T100IDECommon.h" />
		<Unit filename="include/T100VDiskCommon.h" />
		<Unit filename="include/T100VPCCommon.h" />
		<Unit filename="include/app/T100AllTests.h" />
		<Unit filename="include/app/T100HelpTest.h" />
		<Unit filename="include/app/T100HintLib.h" />
		<Unit filename="include/app/T100HintQU32.h" />
		<Unit filename="include/app/T100HintSystem.h" />
		<Unit filename="include/app/T100HintTest.h" />
		<Unit filename="include/app/T100Setup.h" />
		<Unit filename="include/app/T100TestApp.h" />
		<Unit filename="include/app/T100TestHelp.h" />
		<Unit filename="include/app/T100TestLib.h" />
		<Unit filename="include/app/T100TestLog.h" />
		<Unit filename="include/app/T100TestQU32.h" />
		<Unit filename="include/app/T100TestString.h" />
		<Unit filename="include/app/T100TestSystem.h" />
		<Unit filename="include/app/T100TestThread.h" />
		<Unit filename="include/assembly/T100AsmCmdParser.h" />
		<Unit filename="include/assembly/T100Assembly.h" />
		<Unit filename="include/assembly/T100AssemblyError.h" />
		<Unit filename="include/assembly/T100AssemblyHelp.h" />
		<Unit filename="include/assembly/T100AssemblyHint.h" />
		<Unit filename="include/assembly/T100AssemblyLog.h" />
		<Unit filename="include/assembly/T100AssemblyTest.h" />
		<Unit filename="include/byte/T100ByteScan.h" />
		<Unit filename="include/byte/T100ByteToken.h" />
		<Unit filename="include/char/T100CharScan.h" />
		<Unit filename="include/char/T100CharToken.h" />
		<Unit filename="include/code/T100BinaryBuilder.h" />
		<Unit filename="include/code/T100BinaryFile.h" />
		<Unit filename="include/code/T100BinaryMerger.h" />
		<Unit filename="include/code/T100Builder.h" />
		<Unit filename="include/code/T100Code.h" />
		<Unit filename="include/code/T100ExecutableBuilder.h" />
		<Unit filename="include/code/T100ExecutableFile.h" />
		<Unit filename="include/code/T100ExecutableMerger.h" />
		<Unit filename="include/common/T100Common.h" />
		<Unit filename="include/common/T100DataTypes.h" />
		<Unit filename="include/common/T100DeviceTypes.h" />
		<Unit filename="include/common/T100ErrorCommon.h" />
		<Unit filename="include/common/T100FileCommon.h" />
		<Unit filename="include/common/T100LogCommon.h" />
		<Unit filename="include/common/T100OrderTypes.h" />
		<Unit filename="include/common/T100TokenTypes.h" />
		<Unit filename="include/common/T100UnicodeCommon.h" />
		<Unit filename="include/data/T100FileData.h" />
		<Unit filename="include/data/T100Segment.h" />
		<Unit filename="include/data/T100SegmentCode.h" />
		<Unit filename="include/data/T100SegmentData.h" />
		<Unit filename="include/device/T100AUDevice.h" />
		<Unit filename="include/device/T100BlockDevice.h" />
		<Unit filename="include/device/T100CUDevice.h" />
		<Unit filename="include/device/T100Device.h" />
		<Unit filename="include/device/T100Disk.h" />
		<Unit filename="include/device/T100Display.h" />
		<Unit filename="include/device/T100DisplayBlockDevice.h" />
		<Unit filename="include/device/T100DisplayPageDevice.h" />
		<Unit filename="include/device/T100IODevice.h" />
		<Unit filename="include/device/T100Keyboard.h" />
		<Unit filename="include/device/T100MemoryDevice.h" />
		<Unit filename="include/device/T100Mouse.h" />
		<Unit filename="include/device/T100PageDevice.h" />
		<Unit filename="include/error/T100Error.h" />
		<Unit filename="include/error/T100ErrorData.h" />
		<Unit filename="include/file/T100FileScan.h" />
		<Unit filename="include/file/T100FileToken.h" />
		<Unit filename="include/font/T100FontApp.h" />
		<Unit filename="include/font/T100FontError.h" />
		<Unit filename="include/font/T100FontHelp.h" />
		<Unit filename="include/font/T100FontHint.h" />
		<Unit filename="include/font/T100FontTest.h" />
		<Unit filename="include/font/serve/T100FontServe.h" />
		<Unit filename="include/font/serve/T100FontTools.h" />
		<Unit filename="include/font/view/T100FontFrame.h" />
		<Unit filename="include/font/view/T100FontPanel.h" />
		<Unit filename="include/font/view/T100FontView.h" />
		<Unit filename="include/help/T100Help.h" />
		<Unit filename="include/help/T100HelpApp.h" />
		<Unit filename="include/help/T100HelpFile.h" />
		<Unit filename="include/hint/T100Hint.h" />
		<Unit filename="include/ide/T100IDEApp.h" />
		<Unit filename="include/ide/T100IDEError.h" />
		<Unit filename="include/ide/T100IDEHelp.h" />
		<Unit filename="include/ide/T100IDEHint.h" />
		<Unit filename="include/ide/T100IDETest.h" />
		<Unit filename="include/ide/serve/T100IDEServe.h" />
		<Unit filename="include/ide/view/T100IDEFrame.h" />
		<Unit filename="include/ide/view/T100IDEView.h" />
		<Unit filename="include/keyword/T100KeywordScan.h" />
		<Unit filename="include/keyword/T100KeywordTable.h" />
		<Unit filename="include/keyword/T100KeywordToken.h" />
		<Unit filename="include/lib/T100Callback.h" />
		<Unit filename="include/lib/T100Clock.h" />
		<Unit filename="include/lib/T100CmdParser.h" />
		<Unit filename="include/lib/T100Console.h" />
		<Unit filename="include/lib/T100File.h" />
		<Unit filename="include/lib/T100FileTools.h" />
		<Unit filename="include/lib/T100Path.h" />
		<Unit filename="include/lib/T100ShellTools.h" />
		<Unit filename="include/lib/T100Stream.h" />
		<Unit filename="include/lib/T100String.h" />
		<Unit filename="include/lib/T100StringEqual.h" />
		<Unit filename="include/lib/T100StringHash.h" />
		<Unit filename="include/lib/T100StringTools.h" />
		<Unit filename="include/lib/T100Thread.h" />
		<Unit filename="include/lib/T100ThreadPool.h" />
		<Unit filename="include/lib/T100Unicode.h" />
		<Unit filename="include/lib/T100WinConsole.h" />
		<Unit filename="include/link/IAU.h" />
		<Unit filename="include/link/IApp.h" />
		<Unit filename="include/link/IBlockDevice.h" />
		<Unit filename="include/link/ICU.h" />
		<Unit filename="include/link/IComputer.h" />
		<Unit filename="include/link/IDevice.h" />
		<Unit filename="include/link/IExecutor.h" />
		<Unit filename="include/link/IInterrupt.h" />
		<Unit filename="include/link/IManager.h" />
		<Unit filename="include/link/IMemory.h" />
		<Unit filename="include/link/IOrder.h" />
		<Unit filename="include/link/IPageDevice.h" />
		<Unit filename="include/link/IRegister.h" />
		<Unit filename="include/link/IScan.h" />
		<Unit filename="include/link/ISentence.h" />
		<Unit filename="include/link/IServe.h" />
		<Unit filename="include/link/IToken.h" />
		<Unit filename="include/link/IView.h" />
		<Unit filename="include/log/T100Log.h" />
		<Unit filename="include/log/T100LogAppender.h" />
		<Unit filename="include/log/T100LogAppenderConsole.h" />
		<Unit filename="include/log/T100LogAppenderFile.h" />
		<Unit filename="include/log/T100LogHint.h" />
		<Unit filename="include/order/T100AllOrders.h" />
		<Unit filename="include/order/T100Order.h" />
		<Unit filename="include/order/calculate/T100OrderAdd.h" />
		<Unit filename="include/order/calculate/T100OrderAnd.h" />
		<Unit filename="include/order/calculate/T100OrderDiv.h" />
		<Unit filename="include/order/calculate/T100OrderMul.h" />
		<Unit filename="include/order/calculate/T100OrderNot.h" />
		<Unit filename="include/order/calculate/T100OrderOr.h" />
		<Unit filename="include/order/calculate/T100OrderSub.h" />
		<Unit filename="include/order/calculate/T100OrderXor.h" />
		<Unit filename="include/order/control/T100OrderCmt.h" />
		<Unit filename="include/order/control/T100OrderDebug.h" />
		<Unit filename="include/order/control/T100OrderHalt.h" />
		<Unit filename="include/order/control/T100OrderLock.h" />
		<Unit filename="include/order/control/T100OrderNop.h" />
		<Unit filename="include/order/control/T100OrderUnlock.h" />
		<Unit filename="include/order/program/T100OrderCall.h" />
		<Unit filename="include/order/program/T100OrderInt.h" />
		<Unit filename="include/order/program/T100OrderIret.h" />
		<Unit filename="include/order/program/T100OrderJnz.h" />
		<Unit filename="include/order/program/T100OrderJump.h" />
		<Unit filename="include/order/program/T100OrderJz.h" />
		<Unit filename="include/order/program/T100OrderLoop.h" />
		<Unit filename="include/order/program/T100OrderRet.h" />
		<Unit filename="include/order/transfer/T100OrderIn.h" />
		<Unit filename="include/order/transfer/T100OrderMove.h" />
		<Unit filename="include/order/transfer/T100OrderOut.h" />
		<Unit filename="include/os/T100OSTest.h" />
		<Unit filename="include/os/T100OSTestBoot.h" />
		<Unit filename="include/os/T100OSTestFS.h" />
		<Unit filename="include/os/T100OSTestKernel.h" />
		<Unit filename="include/os/T100OSTestLib.h" />
		<Unit filename="include/qu32/T100AU32.h" />
		<Unit filename="include/qu32/T100AU64.h" />
		<Unit filename="include/qu32/T100CU32.h" />
		<Unit filename="include/qu32/T100Executor32.h" />
		<Unit filename="include/qu32/T100Interrupt32.h" />
		<Unit filename="include/qu32/T100Manager32.h" />
		<Unit filename="include/qu32/T100Memory32.h" />
		<Unit filename="include/qu32/T100QU32.h" />
		<Unit filename="include/qu32/T100QU32Callback.h" />
		<Unit filename="include/qu32/T100QU32Setup.h" />
		<Unit filename="include/qu32/T100Register32.h" />
		<Unit filename="include/qu32/T100Register64.h" />
		<Unit filename="include/scan/T100Scan.h" />
		<Unit filename="include/scan/T100Token.h" />
		<Unit filename="include/segment/T100SegmentScan.h" />
		<Unit filename="include/segment/T100SegmentToken.h" />
		<Unit filename="include/sentence/T100SentenceScan.h" />
		<Unit filename="include/sentence/T100SentenceToken.h" />
		<Unit filename="include/string/T100StringScan.h" />
		<Unit filename="include/string/T100StringToken.h" />
		<Unit filename="include/syntax/T100AllSentences.h" />
		<Unit filename="include/syntax/T100Sentence.h" />
		<Unit filename="include/syntax/T100SentenceCode.h" />
		<Unit filename="include/syntax/T100SentenceComment.h" />
		<Unit filename="include/syntax/T100SentenceData.h" />
		<Unit filename="include/syntax/T100SentenceEnd.h" />
		<Unit filename="include/syntax/T100SentenceImport.h" />
		<Unit filename="include/syntax/T100SentenceLabel.h" />
		<Unit filename="include/syntax/T100SentenceMode.h" />
		<Unit filename="include/syntax/T100SentenceProcedure.h" />
		<Unit filename="include/syntax/T100SentenceVariable.h" />
		<Unit filename="include/syntax/calculate/T100SentenceAdd.h" />
		<Unit filename="include/syntax/calculate/T100SentenceAnd.h" />
		<Unit filename="include/syntax/calculate/T100SentenceDiv.h" />
		<Unit filename="include/syntax/calculate/T100SentenceMul.h" />
		<Unit filename="include/syntax/calculate/T100SentenceNot.h" />
		<Unit filename="include/syntax/calculate/T100SentenceOr.h" />
		<Unit filename="include/syntax/calculate/T100SentenceSub.h" />
		<Unit filename="include/syntax/calculate/T100SentenceXor.h" />
		<Unit filename="include/syntax/control/T100SentenceCmt.h" />
		<Unit filename="include/syntax/control/T100SentenceDebug.h" />
		<Unit filename="include/syntax/control/T100SentenceHalt.h" />
		<Unit filename="include/syntax/control/T100SentenceLock.h" />
		<Unit filename="include/syntax/control/T100SentenceNop.h" />
		<Unit filename="include/syntax/control/T100SentenceUnlock.h" />
		<Unit filename="include/syntax/program/T100SentenceCall.h" />
		<Unit filename="include/syntax/program/T100SentenceInt.h" />
		<Unit filename="include/syntax/program/T100SentenceIret.h" />
		<Unit filename="include/syntax/program/T100SentenceJnz.h" />
		<Unit filename="include/syntax/program/T100SentenceJump.h" />
		<Unit filename="include/syntax/program/T100SentenceJz.h" />
		<Unit filename="include/syntax/program/T100SentenceLoop.h" />
		<Unit filename="include/syntax/program/T100SentenceRet.h" />
		<Unit filename="include/syntax/transfer/T100SentenceIn.h" />
		<Unit filename="include/syntax/transfer/T100SentenceMove.h" />
		<Unit filename="include/syntax/transfer/T100SentenceOut.h" />
		<Unit filename="include/system/T100Font.h" />
		<Unit filename="include/system/T100FontFile.h" />
		<Unit filename="include/system/T100VDisk.h" />
		<Unit filename="include/system/T100VDiskFile.h" />
		<Unit filename="include/system/T100VDiskFileNew.h" />
		<Unit filename="include/system/T100VDiskPart.h" />
		<Unit filename="include/system/T100VFS.h" />
		<Unit filename="include/system/T100VFSDirectory.h" />
		<Unit filename="include/system/T100VFSFile.h" />
		<Unit filename="include/system/T100VFSItem.h" />
		<Unit filename="include/system/T100VFSTable.h" />
		<Unit filename="include/test/T100Test.h" />
		<Unit filename="include/test/T100TestUnit.h" />
		<Unit filename="include/thread/T100ThreadCommon.h" />
		<Unit filename="include/valuing/T100Leak.h" />
		<Unit filename="include/vdisk/T100VDiskApp.h" />
		<Unit filename="include/vdisk/T100VDiskError.h" />
		<Unit filename="include/vdisk/T100VDiskHelp.h" />
		<Unit filename="include/vdisk/T100VDiskHint.h" />
		<Unit filename="include/vdisk/T100VDiskTest.h" />
		<Unit filename="include/vdisk/console/T100VDiskCmdParser.h" />
		<Unit filename="include/vdisk/console/T100VDiskConsole.h" />
		<Unit filename="include/vdisk/serve/T100VDiskServe.h" />
		<Unit filename="include/vdisk/view/T100VDiskFrame.h" />
		<Unit filename="include/vdisk/view/T100VDiskView.h" />
		<Unit filename="include/vpc/T100VPCApp.h" />
		<Unit filename="include/vpc/T100VPCError.h" />
		<Unit filename="include/vpc/T100VPCHelp.h" />
		<Unit filename="include/vpc/T100VPCHint.h" />
		<Unit filename="include/vpc/T100VPCTest.h" />
		<Unit filename="include/vpc/serve/T100VPCCallbackNew.h" />
		<Unit filename="include/vpc/serve/T100VPCServe.h" />
		<Unit filename="include/vpc/serve/T100VPCSetup.h" />
		<Unit filename="include/vpc/view/T100VPCDebugFrame.h" />
		<Unit filename="include/vpc/view/T100VPCFrame.h" />
		<Unit filename="include/vpc/view/T100VPCScreen.h" />
		<Unit filename="include/vpc/view/T100VPCSetupDialog.h" />
		<Unit filename="include/vpc/view/T100VPCView.h" />
		<Unit filename="os/boot/boot.txt" />
		<Unit filename="os/boot/fs/file.txt" />
		<Unit filename="os/boot/fs/fs.txt" />
		<Unit filename="os/boot/fs/item.txt" />
		<Unit filename="os/boot/fs/path.txt" />
		<Unit filename="os/boot/fs/table.txt" />
		<Unit filename="os/fs/fs.txt" />
		<Unit filename="os/fs/part.txt" />
		<Unit filename="os/kernel/dev/dev.txt" />
		<Unit filename="os/kernel/dev/disk.txt" />
		<Unit filename="os/kernel/fs/file.txt" />
		<Unit filename="os/kernel/fs/fs.txt" />
		<Unit filename="os/kernel/fs/item.txt" />
		<Unit filename="os/kernel/fs/path.txt" />
		<Unit filename="os/kernel/fs/table.txt" />
		<Unit filename="os/kernel/init.txt" />
		<Unit filename="os/kernel/int/int.txt" />
		<Unit filename="os/kernel/kernel.txt" />
		<Unit filename="os/kernel/mem/mem.txt" />
		<Unit filename="os/kernel/task/task.txt" />
		<Unit filename="os/lib/dword.txt" />
		<Unit filename="os/lib/io.txt" />
		<Unit filename="os/lib/string.txt" />
		<Unit filename="os/lib/word.txt" />
		<Unit filename="os/rom/data.txt" />
		<Unit filename="os/rom/hard/cpu.txt" />
		<Unit filename="os/rom/hard/disk.txt" />
		<Unit filename="os/rom/hard/display.txt" />
		<Unit filename="os/rom/hard/hard.txt" />
		<Unit filename="os/rom/hard/keyboard.txt" />
		<Unit filename="os/rom/hard/memory.txt" />
		<Unit filename="os/rom/hard/mouse.txt" />
		<Unit filename="os/rom/int.txt" />
		<Unit filename="os/rom/rom.txt" />
		<Unit filename="resource.rc">
			<Option compilerVar="WINDRES" />
		</Unit>
		<Unit filename="src/app/T100HelpTest.cpp" />
		<Unit filename="src/app/T100HintLib.cpp" />
		<Unit filename="src/app/T100HintQU32.cpp" />
		<Unit filename="src/app/T100HintSystem.cpp" />
		<Unit filename="src/app/T100HintTest.cpp" />
		<Unit filename="src/app/T100Setup.cpp" />
		<Unit filename="src/app/T100TestApp.cpp" />
		<Unit filename="src/app/T100TestHelp.cpp" />
		<Unit filename="src/app/T100TestLib.cpp" />
		<Unit filename="src/app/T100TestLog.cpp" />
		<Unit filename="src/app/T100TestQU32.cpp" />
		<Unit filename="src/app/T100TestString.cpp" />
		<Unit filename="src/app/T100TestSystem.cpp" />
		<Unit filename="src/app/T100TestThread.cpp" />
		<Unit filename="src/assembly/T100AsmCmdParser.cpp" />
		<Unit filename="src/assembly/T100Assembly.cpp" />
		<Unit filename="src/assembly/T100AssemblyError.cpp" />
		<Unit filename="src/assembly/T100AssemblyHelp.cpp" />
		<Unit filename="src/assembly/T100AssemblyHint.cpp" />
		<Unit filename="src/assembly/T100AssemblyLog.cpp" />
		<Unit filename="src/assembly/T100AssemblyTest.cpp" />
		<Unit filename="src/byte/T100ByteScan.cpp" />
		<Unit filename="src/byte/T100ByteToken.cpp" />
		<Unit filename="src/char/T100CharScan.cpp" />
		<Unit filename="src/char/T100CharToken.cpp" />
		<Unit filename="src/code/T100BinaryBuilder.cpp" />
		<Unit filename="src/code/T100BinaryFile.cpp" />
		<Unit filename="src/code/T100BinaryMerger.cpp" />
		<Unit filename="src/code/T100Builder.cpp" />
		<Unit filename="src/code/T100Code.cpp" />
		<Unit filename="src/code/T100ExecutableBuilder.cpp" />
		<Unit filename="src/code/T100ExecutableFile.cpp" />
		<Unit filename="src/code/T100ExecutableMerger.cpp" />
		<Unit filename="src/data/T100FileData.cpp" />
		<Unit filename="src/data/T100Segment.cpp" />
		<Unit filename="src/data/T100SegmentCode.cpp" />
		<Unit filename="src/data/T100SegmentData.cpp" />
		<Unit filename="src/device/T100AUDevice.cpp" />
		<Unit filename="src/device/T100BlockDevice.cpp" />
		<Unit filename="src/device/T100CUDevice.cpp" />
		<Unit filename="src/device/T100Device.cpp" />
		<Unit filename="src/device/T100Disk.cpp" />
		<Unit filename="src/device/T100Display.cpp" />
		<Unit filename="src/device/T100DisplayBlockDevice.cpp" />
		<Unit filename="src/device/T100DisplayPageDevice.cpp" />
		<Unit filename="src/device/T100IODevice.cpp" />
		<Unit filename="src/device/T100Keyboard.cpp" />
		<Unit filename="src/device/T100MemoryDevice.cpp" />
		<Unit filename="src/device/T100Mouse.cpp" />
		<Unit filename="src/device/T100PageDevice.cpp" />
		<Unit filename="src/error/T100Error.cpp" />
		<Unit filename="src/error/T100ErrorData.cpp" />
		<Unit filename="src/file/T100FileScan.cpp" />
		<Unit filename="src/file/T100FileToken.cpp" />
		<Unit filename="src/font/T100FontApp.cpp" />
		<Unit filename="src/font/T100FontError.cpp" />
		<Unit filename="src/font/T100FontHelp.cpp" />
		<Unit filename="src/font/T100FontHint.cpp" />
		<Unit filename="src/font/T100FontTest.cpp" />
		<Unit filename="src/font/serve/T100FontServe.cpp" />
		<Unit filename="src/font/serve/T100FontTools.cpp" />
		<Unit filename="src/font/view/T100FontFrame.cpp" />
		<Unit filename="src/font/view/T100FontPanel.cpp" />
		<Unit filename="src/font/view/T100FontView.cpp" />
		<Unit filename="src/help/T100Help.cpp" />
		<Unit filename="src/help/T100HelpApp.cpp" />
		<Unit filename="src/help/T100HelpFile.cpp" />
		<Unit filename="src/hint/T100Hint.cpp" />
		<Unit filename="src/ide/T100IDEApp.cpp" />
		<Unit filename="src/ide/T100IDEError.cpp" />
		<Unit filename="src/ide/T100IDEHelp.cpp" />
		<Unit filename="src/ide/T100IDEHint.cpp" />
		<Unit filename="src/ide/T100IDETest.cpp" />
		<Unit filename="src/ide/serve/T100IDEServe.cpp" />
		<Unit filename="src/ide/view/T100IDEFrame.cpp" />
		<Unit filename="src/ide/view/T100IDEView.cpp" />
		<Unit filename="src/keyword/T100KeywordScan.cpp" />
		<Unit filename="src/keyword/T100KeywordTable.cpp" />
		<Unit filename="src/keyword/T100KeywordToken.cpp" />
		<Unit filename="src/lib/T100Callback.cpp" />
		<Unit filename="src/lib/T100Clock.cpp" />
		<Unit filename="src/lib/T100CmdParser.cpp" />
		<Unit filename="src/lib/T100Console.cpp" />
		<Unit filename="src/lib/T100File.cpp" />
		<Unit filename="src/lib/T100FileTools.cpp" />
		<Unit filename="src/lib/T100Path.cpp" />
		<Unit filename="src/lib/T100ShellTools.cpp" />
		<Unit filename="src/lib/T100Stream.cpp" />
		<Unit filename="src/lib/T100String.cpp" />
		<Unit filename="src/lib/T100StringEqual.cpp" />
		<Unit filename="src/lib/T100StringHash.cpp" />
		<Unit filename="src/lib/T100StringTools.cpp" />
		<Unit filename="src/lib/T100Thread.cpp" />
		<Unit filename="src/lib/T100ThreadPool.cpp" />
		<Unit filename="src/lib/T100Unicode.cpp" />
		<Unit filename="src/lib/T100WinConsole.cpp" />
		<Unit filename="src/link/IAU.cpp" />
		<Unit filename="src/link/IApp.cpp" />
		<Unit filename="src/link/IBlockDevice.cpp" />
		<Unit filename="src/link/ICU.cpp" />
		<Unit filename="src/link/IComputer.cpp" />
		<Unit filename="src/link/IDevice.cpp" />
		<Unit filename="src/link/IExecutor.cpp" />
		<Unit filename="src/link/IInterrupt.cpp" />
		<Unit filename="src/link/IManager.cpp" />
		<Unit filename="src/link/IMemory.cpp" />
		<Unit filename="src/link/IOrder.cpp" />
		<Unit filename="src/link/IPageDevice.cpp" />
		<Unit filename="src/link/IRegister.cpp" />
		<Unit filename="src/link/IScan.cpp" />
		<Unit filename="src/link/ISentence.cpp" />
		<Unit filename="src/link/IServe.cpp" />
		<Unit filename="src/link/IToken.cpp" />
		<Unit filename="src/link/IView.cpp" />
		<Unit filename="src/log/T100Log.cpp" />
		<Unit filename="src/log/T100LogAppender.cpp" />
		<Unit filename="src/log/T100LogAppenderConsole.cpp" />
		<Unit filename="src/log/T100LogAppenderFile.cpp" />
		<Unit filename="src/log/T100LogHint.cpp" />
		<Unit filename="src/order/T100Order.cpp" />
		<Unit filename="src/order/calculate/T100OrderAdd.cpp" />
		<Unit filename="src/order/calculate/T100OrderAnd.cpp" />
		<Unit filename="src/order/calculate/T100OrderDiv.cpp" />
		<Unit filename="src/order/calculate/T100OrderMul.cpp" />
		<Unit filename="src/order/calculate/T100OrderNot.cpp" />
		<Unit filename="src/order/calculate/T100OrderOr.cpp" />
		<Unit filename="src/order/calculate/T100OrderSub.cpp" />
		<Unit filename="src/order/calculate/T100OrderXor.cpp" />
		<Unit filename="src/order/control/T100OrderCmt.cpp" />
		<Unit filename="src/order/control/T100OrderDebug.cpp" />
		<Unit filename="src/order/control/T100OrderHalt.cpp" />
		<Unit filename="src/order/control/T100OrderLock.cpp" />
		<Unit filename="src/order/control/T100OrderNop.cpp" />
		<Unit filename="src/order/control/T100OrderUnlock.cpp" />
		<Unit filename="src/order/program/T100OrderCall.cpp" />
		<Unit filename="src/order/program/T100OrderInt.cpp" />
		<Unit filename="src/order/program/T100OrderIret.cpp" />
		<Unit filename="src/order/program/T100OrderJnz.cpp" />
		<Unit filename="src/order/program/T100OrderJump.cpp" />
		<Unit filename="src/order/program/T100OrderJz.cpp" />
		<Unit filename="src/order/program/T100OrderLoop.cpp" />
		<Unit filename="src/order/program/T100OrderRet.cpp" />
		<Unit filename="src/order/transfer/T100OrderIn.cpp" />
		<Unit filename="src/order/transfer/T100OrderMove.cpp" />
		<Unit filename="src/order/transfer/T100OrderOut.cpp" />
		<Unit filename="src/os/T100OSTest.cpp" />
		<Unit filename="src/os/T100OSTestBoot.cpp" />
		<Unit filename="src/os/T100OSTestFS.cpp" />
		<Unit filename="src/os/T100OSTestKernel.cpp" />
		<Unit filename="src/os/T100OSTestLib.cpp" />
		<Unit filename="src/qu32/T100AU32.cpp" />
		<Unit filename="src/qu32/T100AU64.cpp" />
		<Unit filename="src/qu32/T100CU32.cpp" />
		<Unit filename="src/qu32/T100Executor32.cpp" />
		<Unit filename="src/qu32/T100Interrupt32.cpp" />
		<Unit filename="src/qu32/T100Manager32.cpp" />
		<Unit filename="src/qu32/T100Memory32.cpp" />
		<Unit filename="src/qu32/T100QU32.cpp" />
		<Unit filename="src/qu32/T100QU32Callback.cpp" />
		<Unit filename="src/qu32/T100QU32Setup.cpp" />
		<Unit filename="src/qu32/T100Register32.cpp" />
		<Unit filename="src/qu32/T100Register64.cpp" />
		<Unit filename="src/scan/T100Scan.cpp" />
		<Unit filename="src/scan/T100Token.cpp" />
		<Unit filename="src/segment/T100SegmentScan.cpp" />
		<Unit filename="src/segment/T100SegmentToken.cpp" />
		<Unit filename="src/sentence/T100SentenceScan.cpp" />
		<Unit filename="src/sentence/T100SentenceToken.cpp" />
		<Unit filename="src/string/T100StringScan.cpp" />
		<Unit filename="src/string/T100StringToken.cpp" />
		<Unit filename="src/syntax/T100Sentence.cpp" />
		<Unit filename="src/syntax/T100SentenceCode.cpp" />
		<Unit filename="src/syntax/T100SentenceComment.cpp" />
		<Unit filename="src/syntax/T100SentenceData.cpp" />
		<Unit filename="src/syntax/T100SentenceEnd.cpp" />
		<Unit filename="src/syntax/T100SentenceImport.cpp" />
		<Unit filename="src/syntax/T100SentenceLabel.cpp" />
		<Unit filename="src/syntax/T100SentenceMode.cpp" />
		<Unit filename="src/syntax/T100SentenceProcedure.cpp" />
		<Unit filename="src/syntax/T100SentenceVariable.cpp" />
		<Unit filename="src/syntax/calculate/T100SentenceAdd.cpp" />
		<Unit filename="src/syntax/calculate/T100SentenceAnd.cpp" />
		<Unit filename="src/syntax/calculate/T100SentenceDiv.cpp" />
		<Unit filename="src/syntax/calculate/T100SentenceMul.cpp" />
		<Unit filename="src/syntax/calculate/T100SentenceNot.cpp" />
		<Unit filename="src/syntax/calculate/T100SentenceOr.cpp" />
		<Unit filename="src/syntax/calculate/T100SentenceSub.cpp" />
		<Unit filename="src/syntax/calculate/T100SentenceXor.cpp" />
		<Unit filename="src/syntax/control/T100SentenceCmt.cpp" />
		<Unit filename="src/syntax/control/T100SentenceDebug.cpp" />
		<Unit filename="src/syntax/control/T100SentenceHalt.cpp" />
		<Unit filename="src/syntax/control/T100SentenceLock.cpp" />
		<Unit filename="src/syntax/control/T100SentenceNop.cpp" />
		<Unit filename="src/syntax/control/T100SentenceUnlock.cpp" />
		<Unit filename="src/syntax/program/T100SentenceCall.cpp" />
		<Unit filename="src/syntax/program/T100SentenceInt.cpp" />
		<Unit filename="src/syntax/program/T100SentenceIret.cpp" />
		<Unit filename="src/syntax/program/T100SentenceJnz.cpp" />
		<Unit filename="src/syntax/program/T100SentenceJump.cpp" />
		<Unit filename="src/syntax/program/T100SentenceJz.cpp" />
		<Unit filename="src/syntax/program/T100SentenceLoop.cpp" />
		<Unit filename="src/syntax/program/T100SentenceRet.cpp" />
		<Unit filename="src/syntax/transfer/T100SentenceIn.cpp" />
		<Unit filename="src/syntax/transfer/T100SentenceMove.cpp" />
		<Unit filename="src/syntax/transfer/T100SentenceOut.cpp" />
		<Unit filename="src/system/T100Font.cpp" />
		<Unit filename="src/system/T100FontFile.cpp" />
		<Unit filename="src/system/T100VDisk.cpp" />
		<Unit filename="src/system/T100VDiskFile.cpp" />
		<Unit filename="src/system/T100VDiskFileNew.cpp" />
		<Unit filename="src/system/T100VDiskPart.cpp" />
		<Unit filename="src/system/T100VFS.cpp" />
		<Unit filename="src/system/T100VFSDirectory.cpp" />
		<Unit filename="src/system/T100VFSFile.cpp" />
		<Unit filename="src/system/T100VFSItem.cpp" />
		<Unit filename="src/system/T100VFSTable.cpp" />
		<Unit filename="src/test/T100Test.cpp" />
		<Unit filename="src/test/T100TestUnit.cpp" />
		<Unit filename="src/thread/T100ThreadCommon.cpp" />
		<Unit filename="src/valuing/T100Leak.cpp" />
		<Unit filename="src/vdisk/T100VDiskApp.cpp" />
		<Unit filename="src/vdisk/T100VDiskError.cpp" />
		<Unit filename="src/vdisk/T100VDiskHelp.cpp" />
		<Unit filename="src/vdisk/T100VDiskHint.cpp" />
		<Unit filename="src/vdisk/T100VDiskTest.cpp" />
		<Unit filename="src/vdisk/console/T100VDiskCmdParser.cpp" />
		<Unit filename="src/vdisk/console/T100VDiskConsole.cpp" />
		<Unit filename="src/vdisk/serve/T100VDiskServe.cpp" />
		<Unit filename="src/vdisk/view/T100VDiskFrame.cpp" />
		<Unit filename="src/vdisk/view/T100VDiskView.cpp" />
		<Unit filename="src/vpc/T100VPCApp.cpp" />
		<Unit filename="src/vpc/T100VPCError.cpp" />
		<Unit filename="src/vpc/T100VPCHelp.cpp" />
		<Unit filename="src/vpc/T100VPCHint.cpp" />
		<Unit filename="src/vpc/T100VPCTest.cpp" />
		<Unit filename="src/vpc/serve/T100VPCCallbackNew.cpp" />
		<Unit filename="src/vpc/serve/T100VPCServe.cpp" />
		<Unit filename="src/vpc/serve/T100VPCSetup.cpp" />
		<Unit filename="src/vpc/view/T100VPCDebugFrame.cpp" />
		<Unit filename="src/vpc/view/T100VPCFrame.cpp" />
		<Unit filename="src/vpc/view/T100VPCScreen.cpp" />
		<Unit filename="src/vpc/view/T100VPCSetupDialog.cpp" />
		<Unit filename="src/vpc/view/T100VPCView.cpp" />
		<Unit filename="test/build/test_string.bin" />
		<Unit filename="test/scripts/assembly/test_assembly.txt" />
		<Unit filename="test/scripts/assembly/test_byte.txt" />
		<Unit filename="test/scripts/assembly/test_byte_empty.txt" />
		<Unit filename="test/scripts/assembly/test_byte_one.txt" />
		<Unit filename="test/scripts/assembly/test_char.txt" />
		<Unit filename="test/scripts/assembly/test_complexus.txt" />
		<Unit filename="test/scripts/assembly/test_file.txt" />
		<Unit filename="test/scripts/assembly/test_import.txt" />
		<Unit filename="test/scripts/assembly/test_io.txt" />
		<Unit filename="test/scripts/assembly/test_jump.txt" />
		<Unit filename="test/scripts/assembly/test_keyword.txt" />
		<Unit filename="test/scripts/assembly/test_move.txt" />
		<Unit filename="test/scripts/assembly/test_segment.txt" />
		<Unit filename="test/scripts/assembly/test_sentence.txt" />
		<Unit filename="test/scripts/assembly/test_string.txt" />
		<Unit filename="test/scripts/os/test_boot.txt" />
		<Unit filename="test/scripts/os/test_disk.txt" />
		<Unit filename="test/scripts/os/test_dword.txt" />
		<Unit filename="test/scripts/os/test_fs.txt" />
		<Unit filename="test/scripts/os/test_init.txt" />
		<Unit filename="test/scripts/os/test_kernel.txt" />
		<Unit filename="test/scripts/os/test_part.txt" />
		<Unit filename="test/scripts/os/test_string.txt" />
		<Unit filename="test/scripts/os/test_word.txt" />
		<Unit filename="test/scripts/stores/test.vdk" />
		<Unit filename="test/temp/test.vdk" />
		<Unit filename="test/test.txt" />
		<Unit filename="wxsmith/T100FontFrame.wxs" />
		<Unit filename="wxsmith/T100FontPanel.wxs" />
		<Unit filename="wxsmith/T100IDEFrame.wxs" />
		<Unit filename="wxsmith/T100VDiskFrame.wxs" />
		<Unit filename="wxsmith/T100VPCDebugFrame.wxs" />
		<Unit filename="wxsmith/T100VPCFrame.wxs" />
		<Unit filename="wxsmith/T100VPCScreen.wxs" />
		<Unit filename="wxsmith/T100VPCSetupDialog.wxs" />
		<Unit filename="wxsmith/T100frame.wxs" />
		<Extensions>
			<lib_finder disable_auto="1" />
			<wxsmith version="1">
				<gui name="wxWidgets" src="T100App.cpp" main="T100Frame" init_handlers="necessary" language="CPP" />
				<resources>
					<wxFrame wxs="wxsmith/T100frame.wxs" src="T100Main.cpp" hdr="T100Main.h" fwddecl="0" i18n="1" name="T100Frame" language="CPP" />
					<wxFrame wxs="wxsmith/T100IDEFrame.wxs" src="src\ide\view\T100IDEFrame.cpp" hdr="include\ide\view\T100IDEFrame.h" fwddecl="0" i18n="1" name="T100IDEFrame" language="CPP" />
					<wxFrame wxs="wxsmith/T100VPCFrame.wxs" src="src\vpc\view\T100VPCFrame.cpp" hdr="include\vpc\view\T100VPCFrame.h" fwddecl="0" i18n="1" name="T100VPCFrame" language="CPP" />
					<wxFrame wxs="wxsmith/T100FontFrame.wxs" src="src\font\view\T100FontFrame.cpp" hdr="include\font\view\T100FontFrame.h" fwddecl="0" i18n="1" name="T100FontFrame" language="CPP" />
					<wxFrame wxs="wxsmith/T100VDiskFrame.wxs" src="src\vdisk\view\T100VDiskFrame.cpp" hdr="include\vdisk\view\T100VDiskFrame.h" fwddecl="0" i18n="1" name="T100VDiskFrame" language="CPP" />
					<wxFrame wxs="wxsmith/T100VPCDebugFrame.wxs" src="src\vpc\view\T100VPCDebugFrame.cpp" hdr="include\vpc\view\T100VPCDebugFrame.h" fwddecl="0" i18n="1" name="T100VPCDebugFrame" language="CPP" />
				</resources>
			</wxsmith>
		</Extensions>
	</Project>
</CodeBlocks_project_file>
