<?xml version="1.0" encoding="UTF-8" standalone="yes" ?>
<CodeBlocks_project_file>
	<FileVersion major="1" minor="6" />
	<Project>
		<Option title="T100Lib" />
		<Option pch_mode="2" />
		<Option compiler="gcc" />
		<Build>
			<Target title="Debug">
				<Option output="../build/T100Lib" prefix_auto="1" extension_auto="1" />
				<Option working_dir="../build" />
				<Option object_output="obj/Debug/" />
				<Option type="1" />
				<Option compiler="gcc" />
				<Compiler>
					<Add option="-std=c++17" />
					<Add option="-std=c17" />
					<Add option="-g" />
					<Add directory="include" />
					<Add directory="test" />
				</Compiler>
				<Linker>
					<Add library="dl" />
				</Linker>
			</Target>
			<Target title="Release">
				<Option output="bin/Release/T100Lib" prefix_auto="1" extension_auto="1" />
				<Option object_output="obj/Release/" />
				<Option type="1" />
				<Option compiler="gcc" />
				<Compiler>
					<Add option="-O2" />
					<Add directory="include" />
					<Add directory="test" />
				</Compiler>
				<Linker>
					<Add option="-s" />
				</Linker>
			</Target>
			<Target title="Lib">
				<Option output="../build/T100Lib" prefix_auto="1" extension_auto="1" />
				<Option working_dir="" />
				<Option object_output="obj/Debug/" />
				<Option type="2" />
				<Option compiler="gcc" />
				<Compiler>
					<Add option="-std=c++17" />
					<Add option="-g" />
					<Add directory="include" />
					<Add directory="test" />
				</Compiler>
				<Linker>
					<Add library="dl" />
				</Linker>
			</Target>
			<Target title="Copy of Debug">
				<Option output="bin/Debug/T100Lib" prefix_auto="1" extension_auto="1" />
				<Option object_output="obj/Debug/" />
				<Option type="1" />
				<Option compiler="gcc" />
				<Compiler>
					<Add option="-std=c++17" />
					<Add option="-g" />
					<Add directory="include" />
					<Add directory="test" />
				</Compiler>
				<Linker>
					<Add library="dl" />
				</Linker>
			</Target>
		</Build>
		<Compiler>
			<Add option="-Wall" />
			<Add option="-fexceptions" />
		</Compiler>
		<Unit filename="include/T100App.h">
			<Option target="Debug" />
			<Option target="Release" />
			<Option target="Lib" />
		</Unit>
		<Unit filename="include/T100AppSetup.h" />
		<Unit filename="include/T100Buffer.h">
			<Option target="Debug" />
			<Option target="Release" />
			<Option target="Lib" />
		</Unit>
		<Unit filename="include/T100Callback.h">
			<Option target="Debug" />
			<Option target="Release" />
			<Option target="Lib" />
		</Unit>
		<Unit filename="include/T100CallbackCommon.h">
			<Option target="Debug" />
			<Option target="Release" />
			<Option target="Lib" />
		</Unit>
		<Unit filename="include/T100Clock.h">
			<Option target="Debug" />
			<Option target="Release" />
			<Option target="Lib" />
		</Unit>
		<Unit filename="include/T100Common.h">
			<Option target="Debug" />
			<Option target="Release" />
			<Option target="Lib" />
		</Unit>
		<Unit filename="include/T100Console.h">
			<Option target="Debug" />
			<Option target="Release" />
			<Option target="Lib" />
		</Unit>
		<Unit filename="include/T100ConsoleBase.h">
			<Option target="Debug" />
			<Option target="Release" />
			<Option target="Lib" />
		</Unit>
		<Unit filename="include/T100ConsoleCommon.h">
			<Option target="Debug" />
			<Option target="Release" />
			<Option target="Lib" />
		</Unit>
		<Unit filename="include/T100ConsoleLinux.h">
			<Option target="Debug" />
			<Option target="Release" />
			<Option target="Lib" />
		</Unit>
		<Unit filename="include/T100ConsoleWindows.h">
			<Option target="Debug" />
			<Option target="Release" />
			<Option target="Lib" />
		</Unit>
		<Unit filename="include/T100DataStructure.h">
			<Option target="Debug" />
			<Option target="Release" />
			<Option target="Lib" />
		</Unit>
		<Unit filename="include/T100DataTypes.h">
			<Option target="Debug" />
			<Option target="Release" />
			<Option target="Lib" />
		</Unit>
		<Unit filename="include/T100DirectoryEntry.h">
			<Option target="Debug" />
			<Option target="Release" />
			<Option target="Lib" />
		</Unit>
		<Unit filename="include/T100File.h">
			<Option target="Debug" />
			<Option target="Release" />
			<Option target="Lib" />
		</Unit>
		<Unit filename="include/T100FileCommon.h">
			<Option target="Debug" />
			<Option target="Release" />
			<Option target="Lib" />
		</Unit>
		<Unit filename="include/T100FileWriter.h" />
		<Unit filename="include/T100Folder.h">
			<Option target="Debug" />
			<Option target="Release" />
			<Option target="Lib" />
		</Unit>
		<Unit filename="include/T100GraphicCommon.h">
			<Option target="Debug" />
			<Option target="Release" />
			<Option target="Lib" />
		</Unit>
		<Unit filename="include/T100Help.h">
			<Option target="Debug" />
			<Option target="Release" />
			<Option target="Lib" />
		</Unit>
		<Unit filename="include/T100Hint.h">
			<Option target="Debug" />
			<Option target="Release" />
			<Option target="Lib" />
		</Unit>
		<Unit filename="include/T100Leak.h">
			<Option target="Debug" />
			<Option target="Release" />
			<Option target="Lib" />
		</Unit>
		<Unit filename="include/T100Library.h">
			<Option target="Debug" />
			<Option target="Release" />
			<Option target="Lib" />
		</Unit>
		<Unit filename="include/T100Log.h">
			<Option target="Debug" />
			<Option target="Release" />
			<Option target="Lib" />
		</Unit>
		<Unit filename="include/T100LogAppender.h">
			<Option target="Debug" />
			<Option target="Release" />
			<Option target="Lib" />
		</Unit>
		<Unit filename="include/T100LogAppenderFile.h">
			<Option target="Debug" />
			<Option target="Release" />
			<Option target="Lib" />
		</Unit>
		<Unit filename="include/T100LogCommon.h">
			<Option target="Debug" />
			<Option target="Release" />
			<Option target="Lib" />
		</Unit>
		<Unit filename="include/T100PathTools.h">
			<Option target="Debug" />
			<Option target="Release" />
			<Option target="Lib" />
		</Unit>
		<Unit filename="include/T100Service.h">
			<Option target="Debug" />
			<Option target="Release" />
			<Option target="Lib" />
		</Unit>
		<Unit filename="include/T100ServiceTank.h">
			<Option target="Debug" />
			<Option target="Release" />
			<Option target="Lib" />
		</Unit>
		<Unit filename="include/T100Setup.h">
			<Option target="Debug" />
			<Option target="Release" />
			<Option target="Lib" />
		</Unit>
		<Unit filename="include/T100String.h">
			<Option target="Debug" />
			<Option target="Release" />
			<Option target="Lib" />
		</Unit>
		<Unit filename="include/T100String32.h">
			<Option target="Debug" />
			<Option target="Release" />
			<Option target="Lib" />
		</Unit>
		<Unit filename="include/T100StringEqual.h">
			<Option target="Debug" />
			<Option target="Release" />
			<Option target="Lib" />
		</Unit>
		<Unit filename="include/T100StringHash.h">
			<Option target="Debug" />
			<Option target="Release" />
			<Option target="Lib" />
		</Unit>
		<Unit filename="include/T100StringTypes.h">
			<Option target="Debug" />
			<Option target="Release" />
			<Option target="Lib" />
		</Unit>
		<Unit filename="include/T100Test.h">
			<Option target="Debug" />
			<Option target="Release" />
			<Option target="Lib" />
		</Unit>
		<Unit filename="include/T100TextFileWriter.h" />
		<Unit filename="include/T100Thread.h">
			<Option target="Debug" />
			<Option target="Release" />
			<Option target="Lib" />
		</Unit>
		<Unit filename="include/T100Unicode.h">
			<Option target="Debug" />
			<Option target="Release" />
			<Option target="Lib" />
		</Unit>
		<Unit filename="include/T100UnicodeCommon.h">
			<Option target="Debug" />
			<Option target="Release" />
			<Option target="Lib" />
		</Unit>
		<Unit filename="include/T100Writer.h" />
		<Unit filename="main.cpp" />
		<Unit filename="src/T100App.cpp">
			<Option target="Debug" />
			<Option target="Release" />
			<Option target="Lib" />
		</Unit>
		<Unit filename="src/T100AppSetup.cpp" />
		<Unit filename="src/T100Callback.cpp">
			<Option target="Debug" />
			<Option target="Release" />
			<Option target="Lib" />
		</Unit>
		<Unit filename="src/T100Clock.cpp">
			<Option target="Debug" />
			<Option target="Release" />
			<Option target="Lib" />
		</Unit>
		<Unit filename="src/T100Console.cpp">
			<Option target="Debug" />
			<Option target="Release" />
			<Option target="Lib" />
		</Unit>
		<Unit filename="src/T100ConsoleBase.cpp">
			<Option target="Debug" />
			<Option target="Release" />
			<Option target="Lib" />
		</Unit>
		<Unit filename="src/T100ConsoleLinux.cpp">
			<Option target="Debug" />
			<Option target="Release" />
			<Option target="Lib" />
		</Unit>
		<Unit filename="src/T100ConsoleWindows.cpp">
			<Option target="Debug" />
			<Option target="Release" />
			<Option target="Lib" />
		</Unit>
		<Unit filename="src/T100DirectoryEntry.cpp">
			<Option target="Debug" />
			<Option target="Release" />
			<Option target="Lib" />
		</Unit>
		<Unit filename="src/T100File.cpp">
			<Option target="Debug" />
			<Option target="Release" />
			<Option target="Lib" />
		</Unit>
		<Unit filename="src/T100FileWriter.cpp" />
		<Unit filename="src/T100Folder.cpp">
			<Option target="Debug" />
			<Option target="Release" />
			<Option target="Lib" />
		</Unit>
		<Unit filename="src/T100Help.cpp">
			<Option target="Debug" />
			<Option target="Release" />
			<Option target="Lib" />
		</Unit>
		<Unit filename="src/T100Hint.cpp">
			<Option target="Debug" />
			<Option target="Release" />
			<Option target="Lib" />
		</Unit>
		<Unit filename="src/T100Leak.cpp">
			<Option target="Debug" />
			<Option target="Release" />
			<Option target="Lib" />
		</Unit>
		<Unit filename="src/T100Library.cpp">
			<Option target="Debug" />
			<Option target="Release" />
			<Option target="Lib" />
		</Unit>
		<Unit filename="src/T100Log.cpp">
			<Option target="Debug" />
			<Option target="Release" />
			<Option target="Lib" />
		</Unit>
		<Unit filename="src/T100LogAppender.cpp">
			<Option target="Debug" />
			<Option target="Release" />
			<Option target="Lib" />
		</Unit>
		<Unit filename="src/T100LogAppenderFile.cpp">
			<Option target="Debug" />
			<Option target="Release" />
			<Option target="Lib" />
		</Unit>
		<Unit filename="src/T100PathTools.cpp">
			<Option target="Debug" />
			<Option target="Release" />
			<Option target="Lib" />
		</Unit>
		<Unit filename="src/T100Service.cpp">
			<Option target="Debug" />
			<Option target="Release" />
			<Option target="Lib" />
		</Unit>
		<Unit filename="src/T100ServiceTank.cpp">
			<Option target="Debug" />
			<Option target="Release" />
			<Option target="Lib" />
		</Unit>
		<Unit filename="src/T100Setup.cpp">
			<Option target="Debug" />
			<Option target="Release" />
			<Option target="Lib" />
		</Unit>
		<Unit filename="src/T100String.cpp">
			<Option target="Debug" />
			<Option target="Release" />
			<Option target="Lib" />
		</Unit>
		<Unit filename="src/T100String32.cpp">
			<Option target="Debug" />
			<Option target="Release" />
			<Option target="Lib" />
		</Unit>
		<Unit filename="src/T100StringEqual.cpp">
			<Option target="Debug" />
			<Option target="Release" />
			<Option target="Lib" />
		</Unit>
		<Unit filename="src/T100StringHash.cpp">
			<Option target="Debug" />
			<Option target="Release" />
			<Option target="Lib" />
		</Unit>
		<Unit filename="src/T100Test.cpp">
			<Option target="Debug" />
			<Option target="Release" />
			<Option target="Lib" />
		</Unit>
		<Unit filename="src/T100TextFileWriter.cpp" />
		<Unit filename="src/T100Thread.cpp">
			<Option target="Debug" />
			<Option target="Release" />
			<Option target="Lib" />
		</Unit>
		<Unit filename="src/T100Unicode.cpp">
			<Option target="Debug" />
			<Option target="Release" />
			<Option target="Lib" />
		</Unit>
		<Unit filename="src/T100Writer.cpp" />
		<Unit filename="test/T100ConsoleTest.cpp">
			<Option target="Debug" />
			<Option target="Release" />
			<Option target="Lib" />
		</Unit>
		<Unit filename="test/T100ConsoleTest.h">
			<Option target="Debug" />
			<Option target="Release" />
			<Option target="Lib" />
		</Unit>
		<Unit filename="test/T100LibTest.cpp">
			<Option target="Debug" />
			<Option target="Release" />
			<Option target="Lib" />
		</Unit>
		<Unit filename="test/T100LibTest.h">
			<Option target="Debug" />
			<Option target="Release" />
			<Option target="Lib" />
		</Unit>
		<Unit filename="test/T100LibTestHint.cpp">
			<Option target="Debug" />
			<Option target="Release" />
			<Option target="Lib" />
		</Unit>
		<Unit filename="test/T100LibTestHint.h">
			<Option target="Debug" />
			<Option target="Release" />
			<Option target="Lib" />
		</Unit>
		<Unit filename="test/T100LogTest.cpp" />
		<Unit filename="test/T100LogTest.h" />
		<Unit filename="test/T100StringTest.cpp">
			<Option target="Debug" />
			<Option target="Release" />
			<Option target="Lib" />
		</Unit>
		<Unit filename="test/T100StringTest.h">
			<Option target="Debug" />
			<Option target="Release" />
			<Option target="Lib" />
		</Unit>
		<Unit filename="test/T100TestApp.cpp" />
		<Unit filename="test/T100TestApp.h" />
		<Extensions>
			<lib_finder disable_auto="1" />
		</Extensions>
	</Project>
</CodeBlocks_project_file>
